github.com/rohanthewiz/element v0.5.6 h1:ngtHqe7asrJavAotQVNBK2veXgnGEIfcCzm7AYVJFHM=
github.com/rohanthewiz/element v0.5.6/go.mod h1:YZnKqWX2lSsR+zi06x3vhViYVoOSx8xHQjUMTmM/FLo=
github.com/rohanthewiz/go-styl v0.2.0 h1:yRFXDo5qx8+IUdEcSujubO/45kyMTbBU/y1+lVDRqss=
github.com/rohanthewiz/go-styl v0.2.0/go.mod h1:KrfV5uRUL3U7mh32H7zeIZzKJeIGOU/AEC5UBqH53/s=
github.com/rohanthewiz/serr v1.4.0 h1:twQnnRRB3+orPJBrdVBaxaYScNE+Dk9MxSLtEabvoGA=
github.com/rohanthewiz/serr v1.4.0/go.mod h1:l01AbjXw1zP0kxe5tX5s/sADHiBbl0Rwfo/igde4b88=
github.com/traefik/yaegi v0.16.2-0.20260209085605-fcb76d1ece0c h1:htRmijmYfl6o44qr+narOX1invzz9J9FnAqCqH7ARio=
github.com/traefik/yaegi v0.16.2-0.20260209085605-fcb76d1ece0c/go.mod h1:4eVhbPb3LnD2VigQjhYbEJ69vDRFdT2HQNrXx8eEwUY=
