github.com/rohanthewiz/btypedb v0.5.0 h1:QYXJ9SsmON2A4F6j0PHwJqXa6gkIGzyPuvNWmr18nK4=
github.com/rohanthewiz/btypedb v0.5.0/go.mod h1:K+7M8clbmaVh33X9QYm1sA5A7DWDKOE1+O9WFQflMI0=
github.com/rohanthewiz/bytdb v0.0.0-20260712062454-861153926ff9 h1:sPaUENKqJgd58q3sgtVncEttJjCE/ihdkOvMCUPFyKo=
github.com/rohanthewiz/bytdb v0.0.0-20260712062454-861153926ff9/go.mod h1:BW+oxA03zsd+mYb8yDYzalhTfBhWsh1STXoZJTF56VY=
github.com/rohanthewiz/element v0.6.0 h1:YS7I69mKKjtMa1ezr1ZQKm+XmrhQzKiE9vOSPxdLUvU=
github.com/rohanthewiz/element v0.6.0/go.mod h1:YZnKqWX2lSsR+zi06x3vhViYVoOSx8xHQjUMTmM/FLo=
github.com/rohanthewiz/go-styl v0.2.0 h1:yRFXDo5qx8+IUdEcSujubO/45kyMTbBU/y1+lVDRqss=
github.com/rohanthewiz/go-styl v0.2.0/go.mod h1:KrfV5uRUL3U7mh32H7zeIZzKJeIGOU/AEC5UBqH53/s=
github.com/rohanthewiz/serr v1.4.0 h1:twQnnRRB3+orPJBrdVBaxaYScNE+Dk9MxSLtEabvoGA=
github.com/rohanthewiz/serr v1.4.0/go.mod h1:l01AbjXw1zP0kxe5tX5s/sADHiBbl0Rwfo/igde4b88=
github.com/tidwall/btype v0.3.0 h1:VU0/oeVecbqY+2OpyzN0wPQU9CBvCnmOv3w5A+pn42A=
github.com/tidwall/btype v0.3.0/go.mod h1:IRq7GmniRp9OhEKPIalEyUe/3x9oR8AuuKrdv0ANFbc=
github.com/traefik/yaegi v0.16.2-0.20260209085605-fcb76d1ece0c h1:htRmijmYfl6o44qr+narOX1invzz9J9FnAqCqH7ARio=
github.com/traefik/yaegi v0.16.2-0.20260209085605-fcb76d1ece0c/go.mod h1:4eVhbPb3LnD2VigQjhYbEJ69vDRFdT2HQNrXx8eEwUY=
